
Microsoft Visual Studio Solution File, Format Version 12.00
# Visual Studio Version 17
VisualStudioVersion = 17.0.31903.59
MinimumVisualStudioVersion = 10.0.40219.1
Project("{FAE04EC0-301F-11D3-BF4B-00C04F79EFBC}") = "OrderService", "OrderService\OrderService.csproj", "{470199E4-0C9E-461B-A229-C946C49E2E06}"
EndProject
Project("{FAE04EC0-301F-11D3-BF4B-00C04F79EFBC}") = "PaymentService", "PaymentService\PaymentService.csproj", "{1925AD2D-EF7F-4A45-865F-CB6CCAF7F0C5}"
EndProject
Project("{FAE04EC0-301F-11D3-BF4B-00C04F79EFBC}") = "RestaurantService", "RestaurantService\RestaurantService.csproj", "{6FB0FD8E-E897-4936-92FD-9F0A779781D8}"
EndProject
Project("{FAE04EC0-301F-11D3-BF4B-00C04F79EFBC}") = "DeliveryService", "DeliveryService\DeliveryService.csproj", "{14BEFEEA-4A9E-4402-A549-732199C2E4FD}"
EndProject
Global
	GlobalSection(SolutionConfigurationPlatforms) = preSolution
		Debug|Any CPU = Debug|Any CPU
		Release|Any CPU = Release|Any CPU
	EndGlobalSection
	GlobalSection(SolutionProperties) = preSolution
		HideSolutionNode = FALSE
	EndGlobalSection
	GlobalSection(ProjectConfigurationPlatforms) = postSolution
		{470199E4-0C9E-461B-A229-C946C49E2E06}.Debug|Any CPU.ActiveCfg = Debug|Any CPU
		{470199E4-0C9E-461B-A229-C946C49E2E06}.Debug|Any CPU.Build.0 = Debug|Any CPU
		{470199E4-0C9E-461B-A229-C946C49E2E06}.Release|Any CPU.ActiveCfg = Release|Any CPU
		{470199E4-0C9E-461B-A229-C946C49E2E06}.Release|Any CPU.Build.0 = Release|Any CPU
		{1925AD2D-EF7F-4A45-865F-CB6CCAF7F0C5}.Debug|Any CPU.ActiveCfg = Debug|Any CPU
		{1925AD2D-EF7F-4A45-865F-CB6CCAF7F0C5}.Debug|Any CPU.Build.0 = Debug|Any CPU
		{1925AD2D-EF7F-4A45-865F-CB6CCAF7F0C5}.Release|Any CPU.ActiveCfg = Release|Any CPU
		{1925AD2D-EF7F-4A45-865F-CB6CCAF7F0C5}.Release|Any CPU.Build.0 = Release|Any CPU
		{6FB0FD8E-E897-4936-92FD-9F0A779781D8}.Debug|Any CPU.ActiveCfg = Debug|Any CPU
		{6FB0FD8E-E897-4936-92FD-9F0A779781D8}.Debug|Any CPU.Build.0 = Debug|Any CPU
		{6FB0FD8E-E897-4936-92FD-9F0A779781D8}.Release|Any CPU.ActiveCfg = Release|Any CPU
		{6FB0FD8E-E897-4936-92FD-9F0A779781D8}.Release|Any CPU.Build.0 = Release|Any CPU
		{14BEFEEA-4A9E-4402-A549-732199C2E4FD}.Debug|Any CPU.ActiveCfg = Debug|Any CPU
		{14BEFEEA-4A9E-4402-A549-732199C2E4FD}.Debug|Any CPU.Build.0 = Debug|Any CPU
		{14BEFEEA-4A9E-4402-A549-732199C2E4FD}.Release|Any CPU.ActiveCfg = Release|Any CPU
		{14BEFEEA-4A9E-4402-A549-732199C2E4FD}.Release|Any CPU.Build.0 = Release|Any CPU
	EndGlobalSection
EndGlobal
